// !$*UTF8*$!
{
	archiveVersion = 1;
	classes = {
	};
	objectVersion = 56;
	objects = {

/* Begin PBXBuildFile section */
		038A28DF2A644CEC00E66C19 /* FinalCitroHacksTimerApp.swift in Sources */ = {isa = PBXBuildFile; fileRef = 038A28DE2A644CEC00E66C19 /* FinalCitroHacksTimerApp.swift */; };
		038A28E32A644CF000E66C19 /* Assets.xcassets in Resources */ = {isa = PBXBuildFile; fileRef = 038A28E22A644CF000E66C19 /* Assets.xcassets */; };
		038A28E62A644CF000E66C19 /* Preview Assets.xcassets in Resources */ = {isa = PBXBuildFile; fileRef = 038A28E52A644CF000E66C19 /* Preview Assets.xcassets */; };
		038A28F02A644D2A00E66C19 /* TimerViewModel.swift in Sources */ = {isa = PBXBuildFile; fileRef = 038A28EF2A644D2A00E66C19 /* TimerViewModel.swift */; };
		038A28F22A644D3600E66C19 /* TimerModel.swift in Sources */ = {isa = PBXBuildFile; fileRef = 038A28F12A644D3600E66C19 /* TimerModel.swift */; };
		038A28F42A644D4600E66C19 /* TimerView.swift in Sources */ = {isa = PBXBuildFile; fileRef = 038A28F32A644D4600E66C19 /* TimerView.swift */; };
		038A28F62A644D6100E66C19 /* TimerCreate.swift in Sources */ = {isa = PBXBuildFile; fileRef = 038A28F52A644D6100E66C19 /* TimerCreate.swift */; };
		038A28F82A644D6F00E66C19 /* PlantGrow.swift in Sources */ = {isa = PBXBuildFile; fileRef = 038A28F72A644D6F00E66C19 /* PlantGrow.swift */; };
		038A28FA2A644E1300E66C19 /* Images.xcassets in Resources */ = {isa = PBXBuildFile; fileRef = 038A28F92A644E1300E66C19 /* Images.xcassets */; };
		03B63E882A647BE8009B52AD /* ContentView.swift in Sources */ = {isa = PBXBuildFile; fileRef = 03B63E872A647BE8009B52AD /* ContentView.swift */; };
/* End PBXBuildFile section */

/* Begin PBXFileReference section */
		038A28DB2A644CEC00E66C19 /* FinalCitroHacksTimer.app */ = {isa = PBXFileReference; explicitFileType = wrapper.application; includeInIndex = 0; path = FinalCitroHacksTimer.app; sourceTree = BUILT_PRODUCTS_DIR; };
		038A28DE2A644CEC00E66C19 /* FinalCitroHacksTimerApp.swift */ = {isa = PBXFileReference; lastKnownFileType = sourcecode.swift; path = FinalCitroHacksTimerApp.swift; sourceTree = "<group>"; };
		038A28E22A644CF000E66C19 /* Assets.xcassets */ = {isa = PBXFileReference; lastKnownFileType = folder.assetcatalog; path = Assets.xcassets; sourceTree = "<group>"; };
		038A28E52A644CF000E66C19 /* Preview Assets.xcassets */ = {isa = PBXFileReference; lastKnownFileType = folder.assetcatalog; path = "Preview Assets.xcassets"; sourceTree = "<group>"; };
		038A28EF2A644D2A00E66C19 /* TimerViewModel.swift */ = {isa = PBXFileReference; lastKnownFileType = sourcecode.swift; path = TimerViewModel.swift; sourceTree = "<group>"; };
		038A28F12A644D3600E66C19 /* TimerModel.swift */ = {isa = PBXFileReference; lastKnownFileType = sourcecode.swift; path = TimerModel.swift; sourceTree = "<group>"; };
		038A28F32A644D4600E66C19 /* TimerView.swift */ = {isa = PBXFileReference; lastKnownFileType = sourcecode.swift; path = TimerView.swift; sourceTree = "<group>"; };
		038A28F52A644D6100E66C19 /* TimerCreate.swift */ = {isa = PBXFileReference; lastKnownFileType = sourcecode.swift; path = TimerCreate.swift; sourceTree = "<group>"; };
		038A28F72A644D6F00E66C19 /* PlantGrow.swift */ = {isa = PBXFileReference; lastKnownFileType = sourcecode.swift; path = PlantGrow.swift; sourceTree = "<group>"; };
		038A28F92A644E1300E66C19 /* Images.xcassets */ = {isa = PBXFileReference; lastKnownFileType = folder.assetcatalog; path = Images.xcassets; sourceTree = "<group>"; };
		03B63E872A647BE8009B52AD /* ContentView.swift */ = {isa = PBXFileReference; lastKnownFileType = sourcecode.swift; path = ContentView.swift; sourceTree = "<group>"; };
/* End PBXFileReference section */

/* Begin PBXFrameworksBuildPhase section */
		038A28D82A644CEC00E66C19 /* Frameworks */ = {
			isa = PBXFrameworksBuildPhase;
			buildActionMask = 2147483647;
			files = (
			);
			runOnlyForDeploymentPostprocessing = 0;
		};
/* End PBXFrameworksBuildPhase section */

/* Begin PBXGroup section */
		038A28D22A644CEC00E66C19 = {
			isa = PBXGroup;
			children = (
				038A28DD2A644CEC00E66C19 /* FinalCitroHacksTimer */,
				038A28DC2A644CEC00E66C19 /* Products */,
			);
			sourceTree = "<group>";
		};
		038A28DC2A644CEC00E66C19 /* Products */ = {
			isa = PBXGroup;
			children = (
				038A28DB2A644CEC00E66C19 /* FinalCitroHacksTimer.app */,
			);
			name = Products;
			sourceTree = "<group>";
		};
		038A28DD2A644CEC00E66C19 /* FinalCitroHacksTimer */ = {
			isa = PBXGroup;
			children = (
				038A28DE2A644CEC00E66C19 /* FinalCitroHacksTimerApp.swift */,
				038A28EE2A644D1400E66C19 /* TimerViewModels */,
				038A28ED2A644D0B00E66C19 /* TimerModel */,
				038A28EC2A644D0000E66C19 /* Main */,
				038A29122A6476D800E66C19 /* Riya's Files */,
				038A28E22A644CF000E66C19 /* Assets.xcassets */,
				038A28F92A644E1300E66C19 /* Images.xcassets */,
				038A28E42A644CF000E66C19 /* Preview Content */,
			);
			path = FinalCitroHacksTimer;
			sourceTree = "<group>";
		};
		038A28E42A644CF000E66C19 /* Preview Content */ = {
			isa = PBXGroup;
			children = (
				038A28E52A644CF000E66C19 /* Preview Assets.xcassets */,
			);
			path = "Preview Content";
			sourceTree = "<group>";
		};
		038A28EC2A644D0000E66C19 /* Main */ = {
			isa = PBXGroup;
			children = (
				038A28F32A644D4600E66C19 /* TimerView.swift */,
				038A28F52A644D6100E66C19 /* TimerCreate.swift */,
				038A28F72A644D6F00E66C19 /* PlantGrow.swift */,
				03B63E872A647BE8009B52AD /* ContentView.swift */,
			);
			path = Main;
			sourceTree = "<group>";
		};
		038A28ED2A644D0B00E66C19 /* TimerModel */ = {
			isa = PBXGroup;
			children = (
				038A28F12A644D3600E66C19 /* TimerModel.swift */,
			);
			path = TimerModel;
			sourceTree = "<group>";
		};
		038A28EE2A644D1400E66C19 /* TimerViewModels */ = {
			isa = PBXGroup;
			children = (
				038A28EF2A644D2A00E66C19 /* TimerViewModel.swift */,
			);
			path = TimerViewModels;
			sourceTree = "<group>";
		};
		038A29122A6476D800E66C19 /* Riya's Files */ = {
			isa = PBXGroup;
			children = (
			);
			path = "Riya's Files";
			sourceTree = "<group>";
		};
/* End PBXGroup section */

/* Begin PBXNativeTarget section */
		038A28DA2A644CEC00E66C19 /* FinalCitroHacksTimer */ = {
			isa = PBXNativeTarget;
			buildConfigurationList = 038A28E92A644CF000E66C19 /* Build configuration list for PBXNativeTarget "FinalCitroHacksTimer" */;
			buildPhases = (
				038A28D72A644CEC00E66C19 /* Sources */,
				038A28D82A644CEC00E66C19 /* Frameworks */,
				038A28D92A644CEC00E66C19 /* Resources */,
			);
			buildRules = (
			);
			dependencies = (
			);
			name = FinalCitroHacksTimer;
			productName = FinalCitroHacksTimer;
			productReference = 038A28DB2A644CEC00E66C19 /* FinalCitroHacksTimer.app */;
			productType = "com.apple.product-type.application";
		};
/* End PBXNativeTarget section */

/* Begin PBXProject section */
		038A28D32A644CEC00E66C19 /* Project object */ = {
			isa = PBXProject;
			attributes = {
				BuildIndependentTargetsInParallel = 1;
				LastSwiftUpdateCheck = 1420;
				LastUpgradeCheck = 1420;
				TargetAttributes = {
					038A28DA2A644CEC00E66C19 = {
						CreatedOnToolsVersion = 14.2;
					};
				};
			};
			buildConfigurationList = 038A28D62A644CEC00E66C19 /* Build configuration list for PBXProject "FinalCitroHacksTimer" */;
			compatibilityVersion = "Xcode 14.0";
			developmentRegion = en;
			hasScannedForEncodings = 0;
			knownRegions = (
				en,
				Base,
			);
			mainGroup = 038A28D22A644CEC00E66C19;
			productRefGroup = 038A28DC2A644CEC00E66C19 /* Products */;
			projectDirPath = "";
			projectRoot = "";
			targets = (
				038A28DA2A644CEC00E66C19 /* FinalCitroHacksTimer */,
			);
		};
/* End PBXProject section */

/* Begin PBXResourcesBuildPhase section */
		038A28D92A644CEC00E66C19 /* Resources */ = {
			isa = PBXResourcesBuildPhase;
			buildActionMask = 2147483647;
			files = (
				038A28FA2A644E1300E66C19 /* Images.xcassets in Resources */,
				038A28E62A644CF000E66C19 /* Preview Assets.xcassets in Resources */,
				038A28E32A644CF000E66C19 /* Assets.xcassets in Resources */,
			);
			runOnlyForDeploymentPostprocessing = 0;
		};
/* End PBXResourcesBuildPhase section */

/* Begin PBXSourcesBuildPhase section */
		038A28D72A644CEC00E66C19 /* Sources */ = {
			isa = PBXSourcesBuildPhase;
			buildActionMask = 2147483647;
			files = (
				038A28F42A644D4600E66C19 /* TimerView.swift in Sources */,
				038A28F22A644D3600E66C19 /* TimerModel.swift in Sources */,
				03B63E882A647BE8009B52AD /* ContentView.swift in Sources */,
				038A28F82A644D6F00E66C19 /* PlantGrow.swift in Sources */,
				038A28F02A644D2A00E66C19 /* TimerViewModel.swift in Sources */,
				038A28DF2A644CEC00E66C19 /* FinalCitroHacksTimerApp.swift in Sources */,
				038A28F62A644D6100E66C19 /* TimerCreate.swift in Sources */,
			);
			runOnlyForDeploymentPostprocessing = 0;
		};
/* End PBXSourcesBuildPhase section */

/* Begin XCBuildConfiguration section */
		038A28E72A644CF000E66C19 /* Debug */ = {
			isa = XCBuildConfiguration;
			buildSettings = {
				ALWAYS_SEARCH_USER_PATHS = NO;
				CLANG_ANALYZER_NONNULL = YES;
				CLANG_ANALYZER_NUMBER_OBJECT_CONVERSION = YES_AGGRESSIVE;
				CLANG_CXX_LANGUAGE_STANDARD = "gnu++20";
				CLANG_ENABLE_MODULES = YES;
				CLANG_ENABLE_OBJC_ARC = YES;
				CLANG_ENABLE_OBJC_WEAK = YES;
				CLANG_WARN_BLOCK_CAPTURE_AUTORELEASING = YES;
				CLANG_WARN_BOOL_CONVERSION = YES;
				CLANG_WARN_COMMA = YES;
				CLANG_WARN_CONSTANT_CONVERSION = YES;
				CLANG_WARN_DEPRECATED_OBJC_IMPLEMENTATIONS = YES;
				CLANG_WARN_DIRECT_OBJC_ISA_USAGE = YES_ERROR;
				CLANG_WARN_DOCUMENTATION_COMMENTS = YES;
				CLANG_WARN_EMPTY_BODY = YES;
				CLANG_WARN_ENUM_CONVERSION = YES;
				CLANG_WARN_INFINITE_RECURSION = YES;
				CLANG_WARN_INT_CONVERSION = YES;
				CLANG_WARN_NON_LITERAL_NULL_CONVERSION = YES;
				CLANG_WARN_OBJC_IMPLICIT_RETAIN_SELF = YES;
				CLANG_WARN_OBJC_LITERAL_CONVERSION = YES;
				CLANG_WARN_OBJC_ROOT_CLASS = YES_ERROR;
				CLANG_WARN_QUOTED_INCLUDE_IN_FRAMEWORK_HEADER = YES;
				CLANG_WARN_RANGE_LOOP_ANALYSIS = YES;
				CLANG_WARN_STRICT_PROTOTYPES = YES;
				CLANG_WARN_SUSPICIOUS_MOVE = YES;
				CLANG_WARN_UNGUARDED_AVAILABILITY = YES_AGGRESSIVE;
				CLANG_WARN_UNREACHABLE_CODE = YES;
				CLANG_WARN__DUPLICATE_METHOD_MATCH = YES;
				COPY_PHASE_STRIP = NO;
				DEBUG_INFORMATION_FORMAT = dwarf;
				ENABLE_STRICT_OBJC_MSGSEND = YES;
				ENABLE_TESTABILITY = YES;
				GCC_C_LANGUAGE_STANDARD = gnu11;
				GCC_DYNAMIC_NO_PIC = NO;
				GCC_NO_COMMON_BLOCKS = YES;
				GCC_OPTIMIZATION_LEVEL = 0;
				GCC_PREPROCESSOR_DEFINITIONS = (
					"DEBUG=1",
					"$(inherited)",
				);
				GCC_WARN_64_TO_32_BIT_CONVERSION = YES;
				GCC_WARN_ABOUT_RETURN_TYPE = YES_ERROR;
				GCC_WARN_UNDECLARED_SELECTOR = YES;
				GCC_WARN_UNINITIALIZED_AUTOS = YES_AGGRESSIVE;
				GCC_WARN_UNUSED_FUNCTION = YES;
				GCC_WARN_UNUSED_VARIABLE = YES;
				IPHONEOS_DEPLOYMENT_TARGET = 16.2;
				MTL_ENABLE_DEBUG_INFO = INCLUDE_SOURCE;
				MTL_FAST_MATH = YES;
				ONLY_ACTIVE_ARCH = YES;
				SDKROOT = iphoneos;
				SWIFT_ACTIVE_COMPILATION_CONDITIONS = DEBUG;
				SWIFT_OPTIMIZATION_LEVEL = "-Onone";
			};
			name = Debug;
		};
		038A28E82A644CF000E66C19 /* Release */ = {
			isa = XCBuildConfiguration;
			buildSettings = {
				ALWAYS_SEARCH_USER_PATHS = NO;
				CLANG_ANALYZER_NONNULL = YES;
				CLANG_ANALYZER_NUMBER_OBJECT_CONVERSION = YES_AGGRESSIVE;
				CLANG_CXX_LANGUAGE_STANDARD = "gnu++20";
				CLANG_ENABLE_MODULES = YES;
				CLANG_ENABLE_OBJC_ARC = YES;
				CLANG_ENABLE_OBJC_WEAK = YES;
				CLANG_WARN_BLOCK_CAPTURE_AUTORELEASING = YES;
				CLANG_WARN_BOOL_CONVERSION = YES;
				CLANG_WARN_COMMA = YES;
				CLANG_WARN_CONSTANT_CONVERSION = YES;
				CLANG_WARN_DEPRECATED_OBJC_IMPLEMENTATIONS = YES;
				CLANG_WARN_DIRECT_OBJC_ISA_USAGE = YES_ERROR;
				CLANG_WARN_DOCUMENTATION_COMMENTS = YES;
				CLANG_WARN_EMPTY_BODY = YES;
				CLANG_WARN_ENUM_CONVERSION = YES;
				CLANG_WARN_INFINITE_RECURSION = YES;
				CLANG_WARN_INT_CONVERSION = YES;
				CLANG_WARN_NON_LITERAL_NULL_CONVERSION = YES;
				CLANG_WARN_OBJC_IMPLICIT_RETAIN_SELF = YES;
				CLANG_WARN_OBJC_LITERAL_CONVERSION = YES;
				CLANG_WARN_OBJC_ROOT_CLASS = YES_ERROR;
				CLANG_WARN_QUOTED_INCLUDE_IN_FRAMEWORK_HEADER = YES;
				CLANG_WARN_RANGE_LOOP_ANALYSIS = YES;
				CLANG_WARN_STRICT_PROTOTYPES = YES;
				CLANG_WARN_SUSPICIOUS_MOVE = YES;
				CLANG_WARN_UNGUARDED_AVAILABILITY = YES_AGGRESSIVE;
				CLANG_WARN_UNREACHABLE_CODE = YES;
				CLANG_WARN__DUPLICATE_METHOD_MATCH = YES;
				COPY_PHASE_STRIP = NO;
				DEBUG_INFORMATION_FORMAT = "dwarf-with-dsym";
				ENABLE_NS_ASSERTIONS = NO;
				ENABLE_STRICT_OBJC_MSGSEND = YES;
				GCC_C_LANGUAGE_STANDARD = gnu11;
				GCC_NO_COMMON_BLOCKS = YES;
				GCC_WARN_64_TO_32_BIT_CONVERSION = YES;
				GCC_WARN_ABOUT_RETURN_TYPE = YES_ERROR;
				GCC_WARN_UNDECLARED_SELECTOR = YES;
				GCC_WARN_UNINITIALIZED_AUTOS = YES_AGGRESSIVE;
				GCC_WARN_UNUSED_FUNCTION = YES;
				GCC_WARN_UNUSED_VARIABLE = YES;
				IPHONEOS_DEPLOYMENT_TARGET = 16.2;
				MTL_ENABLE_DEBUG_INFO = NO;
				MTL_FAST_MATH = YES;
				SDKROOT = iphoneos;
				SWIFT_COMPILATION_MODE = wholemodule;
				SWIFT_OPTIMIZATION_LEVEL = "-O";
				VALIDATE_PRODUCT = YES;
			};
			name = Release;
		};
		038A28EA2A644CF000E66C19 /* Debug */ = {
			isa = XCBuildConfiguration;
			buildSettings = {
				ASSETCATALOG_COMPILER_APPICON_NAME = AppIcon;
				ASSETCATALOG_COMPILER_GLOBAL_ACCENT_COLOR_NAME = AccentColor;
				CODE_SIGN_STYLE = Automatic;
				CURRENT_PROJECT_VERSION = 1;
				DEVELOPMENT_ASSET_PATHS = "\"FinalCitroHacksTimer/Preview Content\"";
				DEVELOPMENT_TEAM = T5PZRUCF89;
				ENABLE_PREVIEWS = YES;
				GENERATE_INFOPLIST_FILE = YES;
				INFOPLIST_KEY_UIApplicationSceneManifest_Generation = YES;
				INFOPLIST_KEY_UIApplicationSupportsIndirectInputEvents = YES;
				INFOPLIST_KEY_UILaunchScreen_Generation = YES;
				INFOPLIST_KEY_UISupportedInterfaceOrientations_iPad = "UIInterfaceOrientationPortrait UIInterfaceOrientationPortraitUpsideDown UIInterfaceOrientationLandscapeLeft UIInterfaceOrientationLandscapeRight";
				INFOPLIST_KEY_UISupportedInterfaceOrientations_iPhone = "UIInterfaceOrientationPortrait UIInterfaceOrientationLandscapeLeft UIInterfaceOrientationLandscapeRight";
				LD_RUNPATH_SEARCH_PATHS = (
					"$(inherited)",
					"@executable_path/Frameworks",
				);
				MARKETING_VERSION = 1.0;
				PRODUCT_BUNDLE_IDENTIFIER = com.adivpadgilwar.FinalCitroHacksTimer;
				PRODUCT_NAME = "$(TARGET_NAME)";
				SWIFT_EMIT_LOC_STRINGS = YES;
				SWIFT_VERSION = 5.0;
				TARGETED_DEVICE_FAMILY = "1,2";
			};
			name = Debug;
		};
		038A28EB2A644CF000E66C19 /* Release */ = {
			isa = XCBuildConfiguration;
			buildSettings = {
				ASSETCATALOG_COMPILER_APPICON_NAME = AppIcon;
				ASSETCATALOG_COMPILER_GLOBAL_ACCENT_COLOR_NAME = AccentColor;
				CODE_SIGN_STYLE = Automatic;
				CURRENT_PROJECT_VERSION = 1;
				DEVELOPMENT_ASSET_PATHS = "\"FinalCitroHacksTimer/Preview Content\"";
				DEVELOPMENT_TEAM = T5PZRUCF89;
				ENABLE_PREVIEWS = YES;
				GENERATE_INFOPLIST_FILE = YES;
				INFOPLIST_KEY_UIApplicationSceneManifest_Generation = YES;
				INFOPLIST_KEY_UIApplicationSupportsIndirectInputEvents = YES;
				INFOPLIST_KEY_UILaunchScreen_Generation = YES;
				INFOPLIST_KEY_UISupportedInterfaceOrientations_iPad = "UIInterfaceOrientationPortrait UIInterfaceOrientationPortraitUpsideDown UIInterfaceOrientationLandscapeLeft UIInterfaceOrientationLandscapeRight";
				INFOPLIST_KEY_UISupportedInterfaceOrientations_iPhone = "UIInterfaceOrientationPortrait UIInterfaceOrientationLandscapeLeft UIInterfaceOrientationLandscapeRight";
				LD_RUNPATH_SEARCH_PATHS = (
					"$(inherited)",
					"@executable_path/Frameworks",
				);
				MARKETING_VERSION = 1.0;
				PRODUCT_BUNDLE_IDENTIFIER = com.adivpadgilwar.FinalCitroHacksTimer;
				PRODUCT_NAME = "$(TARGET_NAME)";
				SWIFT_EMIT_LOC_STRINGS = YES;
				SWIFT_VERSION = 5.0;
				TARGETED_DEVICE_FAMILY = "1,2";
			};
			name = Release;
		};
/* End XCBuildConfiguration section */

/* Begin XCConfigurationList section */
		038A28D62A644CEC00E66C19 /* Build configuration list for PBXProject "FinalCitroHacksTimer" */ = {
			isa = XCConfigurationList;
			buildConfigurations = (
				038A28E72A644CF000E66C19 /* Debug */,
				038A28E82A644CF000E66C19 /* Release */,
			);
			defaultConfigurationIsVisible = 0;
			defaultConfigurationName = Release;
		};
		038A28E92A644CF000E66C19 /* Build configuration list for PBXNativeTarget "FinalCitroHacksTimer" */ = {
			isa = XCConfigurationList;
			buildConfigurations = (
				038A28EA2A644CF000E66C19 /* Debug */,
				038A28EB2A644CF000E66C19 /* Release */,
			);
			defaultConfigurationIsVisible = 0;
			defaultConfigurationName = Release;
		};
/* End XCConfigurationList section */
	};
	rootObject = 038A28D32A644CEC00E66C19 /* Project object */;
}
